// !$*UTF8*$!
{
	archiveVersion = 1;
	classes = {
	};
	objectVersion = 46;
	objects = {

/* Begin PBXBuildFile section */
		044D532F1C8678400053E416 /* AppDelegate.swift in Sources */ = {isa = PBXBuildFile; fileRef = 044D532E1C8678400053E416 /* AppDelegate.swift */; };
		044D53311C8678400053E416 /* MainScreenViewController.swift in Sources */ = {isa = PBXBuildFile; fileRef = 044D53301C8678400053E416 /* MainScreenViewController.swift */; };
		044D53341C8678400053E416 /* Main.storyboard in Resources */ = {isa = PBXBuildFile; fileRef = 044D53321C8678400053E416 /* Main.storyboard */; };
		044D53361C8678400053E416 /* Assets.xcassets in Resources */ = {isa = PBXBuildFile; fileRef = 044D53351C8678400053E416 /* Assets.xcassets */; };
		044D53391C8678400053E416 /* LaunchScreen.storyboard in Resources */ = {isa = PBXBuildFile; fileRef = 044D53371C8678400053E416 /* LaunchScreen.storyboard */; };
		044D53411C8786670053E416 /* QuizViewController.swift in Sources */ = {isa = PBXBuildFile; fileRef = 044D53401C8786670053E416 /* QuizViewController.swift */; };
		044D53441C87D4310053E416 /* ReactiveCocoa.framework in Frameworks */ = {isa = PBXBuildFile; fileRef = 044D53431C87D4310053E416 /* ReactiveCocoa.framework */; };
		044D53461C87D4390053E416 /* Result.framework in Frameworks */ = {isa = PBXBuildFile; fileRef = 044D53451C87D4390053E416 /* Result.framework */; };
		044D534B1C87D7BD0053E416 /* QuizViewModel.swift in Sources */ = {isa = PBXBuildFile; fileRef = 044D534A1C87D7BD0053E416 /* QuizViewModel.swift */; };
		044D534D1C87E1F40053E416 /* Alamofire.framework in Frameworks */ = {isa = PBXBuildFile; fileRef = 044D534C1C87E1F40053E416 /* Alamofire.framework */; };
		044D534F1C890AE90053E416 /* Constants.swift in Sources */ = {isa = PBXBuildFile; fileRef = 044D534E1C890AE90053E416 /* Constants.swift */; };
		044D53511C8916D70053E416 /* Swift-MD5.swift in Sources */ = {isa = PBXBuildFile; fileRef = 044D53501C8916D70053E416 /* Swift-MD5.swift */; };
		044D53551C8977E00053E416 /* Kingfisher.framework in Frameworks */ = {isa = PBXBuildFile; fileRef = 044D53541C8977E00053E416 /* Kingfisher.framework */; };
/* End PBXBuildFile section */

/* Begin PBXFileReference section */
		044D532B1C8678400053E416 /* NameSHero.app */ = {isa = PBXFileReference; explicitFileType = wrapper.application; includeInIndex = 0; path = NameSHero.app; sourceTree = BUILT_PRODUCTS_DIR; };
		044D532E1C8678400053E416 /* AppDelegate.swift */ = {isa = PBXFileReference; lastKnownFileType = sourcecode.swift; path = AppDelegate.swift; sourceTree = "<group>"; };
		044D53301C8678400053E416 /* MainScreenViewController.swift */ = {isa = PBXFileReference; lastKnownFileType = sourcecode.swift; path = MainScreenViewController.swift; sourceTree = "<group>"; };
		044D53331C8678400053E416 /* Base */ = {isa = PBXFileReference; lastKnownFileType = file.storyboard; name = Base; path = Base.lproj/Main.storyboard; sourceTree = "<group>"; };
		044D53351C8678400053E416 /* Assets.xcassets */ = {isa = PBXFileReference; lastKnownFileType = folder.assetcatalog; path = Assets.xcassets; sourceTree = "<group>"; };
		044D53381C8678400053E416 /* Base */ = {isa = PBXFileReference; lastKnownFileType = file.storyboard; name = Base; path = Base.lproj/LaunchScreen.storyboard; sourceTree = "<group>"; };
		044D533A1C8678400053E416 /* Info.plist */ = {isa = PBXFileReference; lastKnownFileType = text.plist.xml; path = Info.plist; sourceTree = "<group>"; };
		044D53401C8786670053E416 /* QuizViewController.swift */ = {isa = PBXFileReference; fileEncoding = 4; lastKnownFileType = sourcecode.swift; path = QuizViewController.swift; sourceTree = "<group>"; };
		044D53431C87D4310053E416 /* ReactiveCocoa.framework */ = {isa = PBXFileReference; lastKnownFileType = wrapper.framework; name = ReactiveCocoa.framework; path = Carthage/Build/iOS/ReactiveCocoa.framework; sourceTree = "<group>"; };
		044D53451C87D4390053E416 /* Result.framework */ = {isa = PBXFileReference; lastKnownFileType = wrapper.framework; name = Result.framework; path = Carthage/Build/iOS/Result.framework; sourceTree = "<group>"; };
		044D534A1C87D7BD0053E416 /* QuizViewModel.swift */ = {isa = PBXFileReference; fileEncoding = 4; lastKnownFileType = sourcecode.swift; path = QuizViewModel.swift; sourceTree = "<group>"; };
		044D534C1C87E1F40053E416 /* Alamofire.framework */ = {isa = PBXFileReference; lastKnownFileType = wrapper.framework; name = Alamofire.framework; path = Carthage/Build/iOS/Alamofire.framework; sourceTree = "<group>"; };
		044D534E1C890AE90053E416 /* Constants.swift */ = {isa = PBXFileReference; fileEncoding = 4; lastKnownFileType = sourcecode.swift; path = Constants.swift; sourceTree = "<group>"; };
		044D53501C8916D70053E416 /* Swift-MD5.swift */ = {isa = PBXFileReference; fileEncoding = 4; lastKnownFileType = sourcecode.swift; path = "Swift-MD5.swift"; sourceTree = "<group>"; };
		044D53531C89175F0053E416 /* NameSHero-Bridging-Header.h */ = {isa = PBXFileReference; lastKnownFileType = sourcecode.c.h; path = "NameSHero-Bridging-Header.h"; sourceTree = "<group>"; };
		044D53541C8977E00053E416 /* Kingfisher.framework */ = {isa = PBXFileReference; lastKnownFileType = wrapper.framework; name = Kingfisher.framework; path = Carthage/Build/iOS/Kingfisher.framework; sourceTree = "<group>"; };
/* End PBXFileReference section */

/* Begin PBXFrameworksBuildPhase section */
		044D53281C8678400053E416 /* Frameworks */ = {
			isa = PBXFrameworksBuildPhase;
			buildActionMask = 2147483647;
			files = (
				044D53441C87D4310053E416 /* ReactiveCocoa.framework in Frameworks */,
				044D53461C87D4390053E416 /* Result.framework in Frameworks */,
				044D534D1C87E1F40053E416 /* Alamofire.framework in Frameworks */,
				044D53551C8977E00053E416 /* Kingfisher.framework in Frameworks */,
			);
			runOnlyForDeploymentPostprocessing = 0;
		};
/* End PBXFrameworksBuildPhase section */

/* Begin PBXGroup section */
		044D53221C8678400053E416 = {
			isa = PBXGroup;
			children = (
				044D532D1C8678400053E416 /* NameSHero */,
				044D532C1C8678400053E416 /* Products */,
				044D53471C87D47C0053E416 /* Frameworks */,
			);
			sourceTree = "<group>";
		};
		044D532C1C8678400053E416 /* Products */ = {
			isa = PBXGroup;
			children = (
				044D532B1C8678400053E416 /* NameSHero.app */,
			);
			name = Products;
			sourceTree = "<group>";
		};
		044D532D1C8678400053E416 /* NameSHero */ = {
			isa = PBXGroup;
			children = (
				044D53521C8916E10053E416 /* Util */,
				044D532E1C8678400053E416 /* AppDelegate.swift */,
				044D534E1C890AE90053E416 /* Constants.swift */,
				044D53301C8678400053E416 /* MainScreenViewController.swift */,
				044D53401C8786670053E416 /* QuizViewController.swift */,
				044D53491C87D78C0053E416 /* ViewModel */,
				044D53321C8678400053E416 /* Main.storyboard */,
				044D53351C8678400053E416 /* Assets.xcassets */,
				044D53371C8678400053E416 /* LaunchScreen.storyboard */,
				044D533A1C8678400053E416 /* Info.plist */,
				044D53531C89175F0053E416 /* NameSHero-Bridging-Header.h */,
			);
			path = NameSHero;
			sourceTree = "<group>";
		};
		044D53471C87D47C0053E416 /* Frameworks */ = {
			isa = PBXGroup;
			children = (
				044D53541C8977E00053E416 /* Kingfisher.framework */,
				044D534C1C87E1F40053E416 /* Alamofire.framework */,
				044D53451C87D4390053E416 /* Result.framework */,
				044D53431C87D4310053E416 /* ReactiveCocoa.framework */,
			);
			name = Frameworks;
			sourceTree = "<group>";
		};
		044D53491C87D78C0053E416 /* ViewModel */ = {
			isa = PBXGroup;
			children = (
				044D534A1C87D7BD0053E416 /* QuizViewModel.swift */,
			);
			name = ViewModel;
			sourceTree = "<group>";
		};
		044D53521C8916E10053E416 /* Util */ = {
			isa = PBXGroup;
			children = (
				044D53501C8916D70053E416 /* Swift-MD5.swift */,
			);
			name = Util;
			sourceTree = "<group>";
		};
/* End PBXGroup section */

/* Begin PBXNativeTarget section */
		044D532A1C8678400053E416 /* NameSHero */ = {
			isa = PBXNativeTarget;
			buildConfigurationList = 044D533D1C8678410053E416 /* Build configuration list for PBXNativeTarget "NameSHero" */;
			buildPhases = (
				044D53271C8678400053E416 /* Sources */,
				044D53281C8678400053E416 /* Frameworks */,
				044D53291C8678400053E416 /* Resources */,
				044D53421C87D3B30053E416 /* ShellScript */,
			);
			buildRules = (
			);
			dependencies = (
			);
			name = NameSHero;
			productName = NameSHero;
			productReference = 044D532B1C8678400053E416 /* NameSHero.app */;
			productType = "com.apple.product-type.application";
		};
/* End PBXNativeTarget section */

/* Begin PBXProject section */
		044D53231C8678400053E416 /* Project object */ = {
			isa = PBXProject;
			attributes = {
				LastSwiftUpdateCheck = 0720;
				LastUpgradeCheck = 0720;
				ORGANIZATIONNAME = coreylin;
				TargetAttributes = {
					044D532A1C8678400053E416 = {
						CreatedOnToolsVersion = 7.2;
					};
				};
			};
			buildConfigurationList = 044D53261C8678400053E416 /* Build configuration list for PBXProject "NameSHero" */;
			compatibilityVersion = "Xcode 3.2";
			developmentRegion = English;
			hasScannedForEncodings = 0;
			knownRegions = (
				en,
				Base,
			);
			mainGroup = 044D53221C8678400053E416;
			productRefGroup = 044D532C1C8678400053E416 /* Products */;
			projectDirPath = "";
			projectRoot = "";
			targets = (
				044D532A1C8678400053E416 /* NameSHero */,
			);
		};
/* End PBXProject section */

/* Begin PBXResourcesBuildPhase section */
		044D53291C8678400053E416 /* Resources */ = {
			isa = PBXResourcesBuildPhase;
			buildActionMask = 2147483647;
			files = (
				044D53391C8678400053E416 /* LaunchScreen.storyboard in Resources */,
				044D53361C8678400053E416 /* Assets.xcassets in Resources */,
				044D53341C8678400053E416 /* Main.storyboard in Resources */,
			);
			runOnlyForDeploymentPostprocessing = 0;
		};
/* End PBXResourcesBuildPhase section */

/* Begin PBXShellScriptBuildPhase section */
		044D53421C87D3B30053E416 /* ShellScript */ = {
			isa = PBXShellScriptBuildPhase;
			buildActionMask = 12;
			files = (
			);
			inputPaths = (
				"$(SRCROOT)/Carthage/Build/iOS/Result.framework",
				"$(SRCROOT)/Carthage/Build/iOS/ReactiveCocoa.framework",
				"$(SRCROOT)/Carthage/Build/iOS/Alamofire.framework",
				"$(SRCROOT)/Carthage/Build/iOS/Kingfisher.framework",
			);
			outputPaths = (
			);
			runOnlyForDeploymentPostprocessing = 0;
			shellPath = /bin/sh;
			shellScript = "/usr/local/bin/carthage copy-frameworks";
		};
/* End PBXShellScriptBuildPhase section */

/* Begin PBXSourcesBuildPhase section */
		044D53271C8678400053E416 /* Sources */ = {
			isa = PBXSourcesBuildPhase;
			buildActionMask = 2147483647;
			files = (
				044D53511C8916D70053E416 /* Swift-MD5.swift in Sources */,
				044D534F1C890AE90053E416 /* Constants.swift in Sources */,
				044D53411C8786670053E416 /* QuizViewController.swift in Sources */,
				044D53311C8678400053E416 /* MainScreenViewController.swift in Sources */,
				044D532F1C8678400053E416 /* AppDelegate.swift in Sources */,
				044D534B1C87D7BD0053E416 /* QuizViewModel.swift in Sources */,
			);
			runOnlyForDeploymentPostprocessing = 0;
		};
/* End PBXSourcesBuildPhase section */

/* Begin PBXVariantGroup section */
		044D53321C8678400053E416 /* Main.storyboard */ = {
			isa = PBXVariantGroup;
			children = (
				044D53331C8678400053E416 /* Base */,
			);
			name = Main.storyboard;
			sourceTree = "<group>";
		};
		044D53371C8678400053E416 /* LaunchScreen.storyboard */ = {
			isa = PBXVariantGroup;
			children = (
				044D53381C8678400053E416 /* Base */,
			);
			name = LaunchScreen.storyboard;
			sourceTree = "<group>";
		};
/* End PBXVariantGroup section */

/* Begin XCBuildConfiguration section */
		044D533B1C8678410053E416 /* Debug */ = {
			isa = XCBuildConfiguration;
			buildSettings = {
				ALWAYS_SEARCH_USER_PATHS = NO;
				CLANG_CXX_LANGUAGE_STANDARD = "gnu++0x";
				CLANG_CXX_LIBRARY = "libc++";
				CLANG_ENABLE_MODULES = YES;
				CLANG_ENABLE_OBJC_ARC = YES;
				CLANG_WARN_BOOL_CONVERSION = YES;
				CLANG_WARN_CONSTANT_CONVERSION = YES;
				CLANG_WARN_DIRECT_OBJC_ISA_USAGE = YES_ERROR;
				CLANG_WARN_EMPTY_BODY = YES;
				CLANG_WARN_ENUM_CONVERSION = YES;
				CLANG_WARN_INT_CONVERSION = YES;
				CLANG_WARN_OBJC_ROOT_CLASS = YES_ERROR;
				CLANG_WARN_UNREACHABLE_CODE = YES;
				CLANG_WARN__DUPLICATE_METHOD_MATCH = YES;
				"CODE_SIGN_IDENTITY[sdk=iphoneos*]" = "iPhone Developer";
				COPY_PHASE_STRIP = NO;
				DEBUG_INFORMATION_FORMAT = dwarf;
				ENABLE_STRICT_OBJC_MSGSEND = YES;
				ENABLE_TESTABILITY = YES;
				GCC_C_LANGUAGE_STANDARD = gnu99;
				GCC_DYNAMIC_NO_PIC = NO;
				GCC_NO_COMMON_BLOCKS = YES;
				GCC_OPTIMIZATION_LEVEL = 0;
				GCC_PREPROCESSOR_DEFINITIONS = (
					"DEBUG=1",
					"$(inherited)",
				);
				GCC_WARN_64_TO_32_BIT_CONVERSION = YES;
				GCC_WARN_ABOUT_RETURN_TYPE = YES_ERROR;
				GCC_WARN_UNDECLARED_SELECTOR = YES;
				GCC_WARN_UNINITIALIZED_AUTOS = YES_AGGRESSIVE;
				GCC_WARN_UNUSED_FUNCTION = YES;
				GCC_WARN_UNUSED_VARIABLE = YES;
				IPHONEOS_DEPLOYMENT_TARGET = 9.2;
				MTL_ENABLE_DEBUG_INFO = YES;
				ONLY_ACTIVE_ARCH = YES;
				SDKROOT = iphoneos;
				SWIFT_OPTIMIZATION_LEVEL = "-Onone";
				TARGETED_DEVICE_FAMILY = "1,2";
			};
			name = Debug;
		};
		044D533C1C8678410053E416 /* Release */ = {
			isa = XCBuildConfiguration;
			buildSettings = {
				ALWAYS_SEARCH_USER_PATHS = NO;
				CLANG_CXX_LANGUAGE_STANDARD = "gnu++0x";
				CLANG_CXX_LIBRARY = "libc++";
				CLANG_ENABLE_MODULES = YES;
				CLANG_ENABLE_OBJC_ARC = YES;
				CLANG_WARN_BOOL_CONVERSION = YES;
				CLANG_WARN_CONSTANT_CONVERSION = YES;
				CLANG_WARN_DIRECT_OBJC_ISA_USAGE = YES_ERROR;
				CLANG_WARN_EMPTY_BODY = YES;
				CLANG_WARN_ENUM_CONVERSION = YES;
				CLANG_WARN_INT_CONVERSION = YES;
				CLANG_WARN_OBJC_ROOT_CLASS = YES_ERROR;
				CLANG_WARN_UNREACHABLE_CODE = YES;
				CLANG_WARN__DUPLICATE_METHOD_MATCH = YES;
				"CODE_SIGN_IDENTITY[sdk=iphoneos*]" = "iPhone Developer";
				COPY_PHASE_STRIP = NO;
				DEBUG_INFORMATION_FORMAT = "dwarf-with-dsym";
				ENABLE_NS_ASSERTIONS = NO;
				ENABLE_STRICT_OBJC_MSGSEND = YES;
				GCC_C_LANGUAGE_STANDARD = gnu99;
				GCC_NO_COMMON_BLOCKS = YES;
				GCC_WARN_64_TO_32_BIT_CONVERSION = YES;
				GCC_WARN_ABOUT_RETURN_TYPE = YES_ERROR;
				GCC_WARN_UNDECLARED_SELECTOR = YES;
				GCC_WARN_UNINITIALIZED_AUTOS = YES_AGGRESSIVE;
				GCC_WARN_UNUSED_FUNCTION = YES;
				GCC_WARN_UNUSED_VARIABLE = YES;
				IPHONEOS_DEPLOYMENT_TARGET = 9.2;
				MTL_ENABLE_DEBUG_INFO = NO;
				SDKROOT = iphoneos;
				TARGETED_DEVICE_FAMILY = "1,2";
				VALIDATE_PRODUCT = YES;
			};
			name = Release;
		};
		044D533E1C8678410053E416 /* Debug */ = {
			isa = XCBuildConfiguration;
			buildSettings = {
				ASSETCATALOG_COMPILER_APPICON_NAME = AppIcon;
				FRAMEWORK_SEARCH_PATHS = (
					"$(inherited)",
					"$(PROJECT_DIR)/Carthage/Build/iOS",
				);
				INFOPLIST_FILE = NameSHero/Info.plist;
				IPHONEOS_DEPLOYMENT_TARGET = 8.0;
				LD_RUNPATH_SEARCH_PATHS = "$(inherited) @executable_path/Frameworks";
				PRODUCT_BUNDLE_IDENTIFIER = coreylin.NameSHero;
				PRODUCT_NAME = "$(TARGET_NAME)";
				SWIFT_OBJC_BRIDGING_HEADER = "NameSHero/NameSHero-Bridging-Header.h";
			};
			name = Debug;
		};
		044D533F1C8678410053E416 /* Release */ = {
			isa = XCBuildConfiguration;
			buildSettings = {
				ASSETCATALOG_COMPILER_APPICON_NAME = AppIcon;
				FRAMEWORK_SEARCH_PATHS = (
					"$(inherited)",
					"$(PROJECT_DIR)/Carthage/Build/iOS",
				);
				INFOPLIST_FILE = NameSHero/Info.plist;
				IPHONEOS_DEPLOYMENT_TARGET = 8.0;
				LD_RUNPATH_SEARCH_PATHS = "$(inherited) @executable_path/Frameworks";
				PRODUCT_BUNDLE_IDENTIFIER = coreylin.NameSHero;
				PRODUCT_NAME = "$(TARGET_NAME)";
				SWIFT_OBJC_BRIDGING_HEADER = "NameSHero/NameSHero-Bridging-Header.h";
			};
			name = Release;
		};
/* End XCBuildConfiguration section */

/* Begin XCConfigurationList section */
		044D53261C8678400053E416 /* Build configuration list for PBXProject "NameSHero" */ = {
			isa = XCConfigurationList;
			buildConfigurations = (
				044D533B1C8678410053E416 /* Debug */,
				044D533C1C8678410053E416 /* Release */,
			);
			defaultConfigurationIsVisible = 0;
			defaultConfigurationName = Release;
		};
		044D533D1C8678410053E416 /* Build configuration list for PBXNativeTarget "NameSHero" */ = {
			isa = XCConfigurationList;
			buildConfigurations = (
				044D533E1C8678410053E416 /* Debug */,
				044D533F1C8678410053E416 /* Release */,
			);
			defaultConfigurationIsVisible = 0;
			defaultConfigurationName = Release;
		};
/* End XCConfigurationList section */
	};
	rootObject = 044D53231C8678400053E416 /* Project object */;
}
